
Microsoft Visual Studio Solution File, Format Version 12.00
# Visual Studio Version 17
VisualStudioVersion = 17.1.32328.378
MinimumVisualStudioVersion = 10.0.40219.1
Project("{FAE04EC0-301F-11D3-BF4B-00C04F79EFBC}") = "PieApp", "PieApp\PieApp.csproj", "{DACFEF2B-D693-461E-949E-7145DB6D9FF3}"
EndProject
Global
	GlobalSection(SolutionConfigurationPlatforms) = preSolution
		Debug|Any CPU = Debug|Any CPU
		Release|Any CPU = Release|Any CPU
	EndGlobalSection
	GlobalSection(ProjectConfigurationPlatforms) = postSolution
		{DACFEF2B-D693-461E-949E-7145DB6D9FF3}.Debug|Any CPU.ActiveCfg = Debug|Any CPU
		{DACFEF2B-D693-461E-949E-7145DB6D9FF3}.Debug|Any CPU.Build.0 = Debug|Any CPU
		{DACFEF2B-D693-461E-949E-7145DB6D9FF3}.Release|Any CPU.ActiveCfg = Release|Any CPU
		{DACFEF2B-D693-461E-949E-7145DB6D9FF3}.Release|Any CPU.Build.0 = Release|Any CPU
	EndGlobalSection
	GlobalSection(SolutionProperties) = preSolution
		HideSolutionNode = FALSE
	EndGlobalSection
	GlobalSection(ExtensibilityGlobals) = postSolution
		SolutionGuid = {C3EAFB98-1291-4D80-9B4F-918245EFE88A}
	EndGlobalSection
EndGlobal
